
Microsoft Visual Studio Solution File, Format Version 12.00
# Visual Studio Version 16
VisualStudioVersion = 16.0.31129.286
MinimumVisualStudioVersion = 10.0.40219.1
Project("{FAE04EC0-301F-11D3-BF4B-00C04F79EFBC}") = "File-uploader", "File-uploader\File-uploader.csproj", "{DFFEEF33-BCD6-48BB-B5DF-4AA3F142754E}"
EndProject
Global
	GlobalSection(SolutionConfigurationPlatforms) = preSolution
		Debug|Any CPU = Debug|Any CPU
		Release|Any CPU = Release|Any CPU
	EndGlobalSection
	GlobalSection(ProjectConfigurationPlatforms) = postSolution
		{DFFEEF33-BCD6-48BB-B5DF-4AA3F142754E}.Debug|Any CPU.ActiveCfg = Debug|Any CPU
		{DFFEEF33-BCD6-48BB-B5DF-4AA3F142754E}.Debug|Any CPU.Build.0 = Debug|Any CPU
		{DFFEEF33-BCD6-48BB-B5DF-4AA3F142754E}.Release|Any CPU.ActiveCfg = Release|Any CPU
		{DFFEEF33-BCD6-48BB-B5DF-4AA3F142754E}.Release|Any CPU.Build.0 = Release|Any CPU
	EndGlobalSection
	GlobalSection(SolutionProperties) = preSolution
		HideSolutionNode = FALSE
	EndGlobalSection
	GlobalSection(ExtensibilityGlobals) = postSolution
		SolutionGuid = {165B839D-7EC3-48A8-9F52-6E3A40A7A350}
	EndGlobalSection
EndGlobal
